// !$*UTF8*$!
{
	archiveVersion = 1;
	classes = {
	};
	objectVersion = 50;
	objects = {

/* Begin PBXBuildFile section */
		49E19B61250603E800960C09 /* SwiftUI_WidgetApp.swift in Sources */ = {isa = PBXBuildFile; fileRef = 49E19B60250603E800960C09 /* SwiftUI_WidgetApp.swift */; };
		49E19B63250603E800960C09 /* ContentView.swift in Sources */ = {isa = PBXBuildFile; fileRef = 49E19B62250603E800960C09 /* ContentView.swift */; };
		49E19B65250603E900960C09 /* Assets.xcassets in Resources */ = {isa = PBXBuildFile; fileRef = 49E19B64250603E900960C09 /* Assets.xcassets */; };
		49E19B68250603E900960C09 /* Preview Assets.xcassets in Resources */ = {isa = PBXBuildFile; fileRef = 49E19B67250603E900960C09 /* Preview Assets.xcassets */; };
		49E19B76250604AF00960C09 /* WidgetKit.framework in Frameworks */ = {isa = PBXBuildFile; fileRef = 49E19B75250604AF00960C09 /* WidgetKit.framework */; };
		49E19B78250604AF00960C09 /* SwiftUI.framework in Frameworks */ = {isa = PBXBuildFile; fileRef = 49E19B77250604AF00960C09 /* SwiftUI.framework */; };
		49E19B7B250604AF00960C09 /* WidgetDemo.swift in Sources */ = {isa = PBXBuildFile; fileRef = 49E19B7A250604AF00960C09 /* WidgetDemo.swift */; };
		49E19B7D250604B500960C09 /* Assets.xcassets in Resources */ = {isa = PBXBuildFile; fileRef = 49E19B7C250604B500960C09 /* Assets.xcassets */; };
		49E19B81250604B500960C09 /* WidgetDemoExtension.appex in Embed App Extensions */ = {isa = PBXBuildFile; fileRef = 49E19B73250604AF00960C09 /* WidgetDemoExtension.appex */; settings = {ATTRIBUTES = (RemoveHeadersOnCopy, ); }; };
/* End PBXBuildFile section */

/* Begin PBXContainerItemProxy section */
		49E19B7F250604B500960C09 /* PBXContainerItemProxy */ = {
			isa = PBXContainerItemProxy;
			containerPortal = 49E19B55250603E800960C09 /* Project object */;
			proxyType = 1;
			remoteGlobalIDString = 49E19B72250604AF00960C09;
			remoteInfo = WidgetDemoExtension;
		};
/* End PBXContainerItemProxy section */

/* Begin PBXCopyFilesBuildPhase section */
		49E19B85250604B500960C09 /* Embed App Extensions */ = {
			isa = PBXCopyFilesBuildPhase;
			buildActionMask = 2147483647;
			dstPath = "";
			dstSubfolderSpec = 13;
			files = (
				49E19B81250604B500960C09 /* WidgetDemoExtension.appex in Embed App Extensions */,
			);
			name = "Embed App Extensions";
			runOnlyForDeploymentPostprocessing = 0;
		};
/* End PBXCopyFilesBuildPhase section */

/* Begin PBXFileReference section */
		49E19B5D250603E800960C09 /* SwiftUI_Widget.app */ = {isa = PBXFileReference; explicitFileType = wrapper.application; includeInIndex = 0; path = SwiftUI_Widget.app; sourceTree = BUILT_PRODUCTS_DIR; };
		49E19B60250603E800960C09 /* SwiftUI_WidgetApp.swift */ = {isa = PBXFileReference; lastKnownFileType = sourcecode.swift; path = SwiftUI_WidgetApp.swift; sourceTree = "<group>"; };
		49E19B62250603E800960C09 /* ContentView.swift */ = {isa = PBXFileReference; lastKnownFileType = sourcecode.swift; path = ContentView.swift; sourceTree = "<group>"; };
		49E19B64250603E900960C09 /* Assets.xcassets */ = {isa = PBXFileReference; lastKnownFileType = folder.assetcatalog; path = Assets.xcassets; sourceTree = "<group>"; };
		49E19B67250603E900960C09 /* Preview Assets.xcassets */ = {isa = PBXFileReference; lastKnownFileType = folder.assetcatalog; path = "Preview Assets.xcassets"; sourceTree = "<group>"; };
		49E19B69250603E900960C09 /* Info.plist */ = {isa = PBXFileReference; lastKnownFileType = text.plist.xml; path = Info.plist; sourceTree = "<group>"; };
		49E19B73250604AF00960C09 /* WidgetDemoExtension.appex */ = {isa = PBXFileReference; explicitFileType = "wrapper.app-extension"; includeInIndex = 0; path = WidgetDemoExtension.appex; sourceTree = BUILT_PRODUCTS_DIR; };
		49E19B75250604AF00960C09 /* WidgetKit.framework */ = {isa = PBXFileReference; lastKnownFileType = wrapper.framework; name = WidgetKit.framework; path = System/Library/Frameworks/WidgetKit.framework; sourceTree = SDKROOT; };
		49E19B77250604AF00960C09 /* SwiftUI.framework */ = {isa = PBXFileReference; lastKnownFileType = wrapper.framework; name = SwiftUI.framework; path = System/Library/Frameworks/SwiftUI.framework; sourceTree = SDKROOT; };
		49E19B7A250604AF00960C09 /* WidgetDemo.swift */ = {isa = PBXFileReference; lastKnownFileType = sourcecode.swift; path = WidgetDemo.swift; sourceTree = "<group>"; };
		49E19B7C250604B500960C09 /* Assets.xcassets */ = {isa = PBXFileReference; lastKnownFileType = folder.assetcatalog; path = Assets.xcassets; sourceTree = "<group>"; };
		49E19B7E250604B500960C09 /* Info.plist */ = {isa = PBXFileReference; lastKnownFileType = text.plist.xml; path = Info.plist; sourceTree = "<group>"; };
/* End PBXFileReference section */

/* Begin PBXFrameworksBuildPhase section */
		49E19B5A250603E800960C09 /* Frameworks */ = {
			isa = PBXFrameworksBuildPhase;
			buildActionMask = 2147483647;
			files = (
			);
			runOnlyForDeploymentPostprocessing = 0;
		};
		49E19B70250604AF00960C09 /* Frameworks */ = {
			isa = PBXFrameworksBuildPhase;
			buildActionMask = 2147483647;
			files = (
				49E19B78250604AF00960C09 /* SwiftUI.framework in Frameworks */,
				49E19B76250604AF00960C09 /* WidgetKit.framework in Frameworks */,
			);
			runOnlyForDeploymentPostprocessing = 0;
		};
/* End PBXFrameworksBuildPhase section */

/* Begin PBXGroup section */
		49E19B54250603E800960C09 = {
			isa = PBXGroup;
			children = (
				49E19B5F250603E800960C09 /* SwiftUI_Widget */,
				49E19B79250604AF00960C09 /* WidgetDemo */,
				49E19B74250604AF00960C09 /* Frameworks */,
				49E19B5E250603E800960C09 /* Products */,
			);
			sourceTree = "<group>";
		};
		49E19B5E250603E800960C09 /* Products */ = {
			isa = PBXGroup;
			children = (
				49E19B5D250603E800960C09 /* SwiftUI_Widget.app */,
				49E19B73250604AF00960C09 /* WidgetDemoExtension.appex */,
			);
			name = Products;
			sourceTree = "<group>";
		};
		49E19B5F250603E800960C09 /* SwiftUI_Widget */ = {
			isa = PBXGroup;
			children = (
				49E19B60250603E800960C09 /* SwiftUI_WidgetApp.swift */,
				49E19B62250603E800960C09 /* ContentView.swift */,
				49E19B64250603E900960C09 /* Assets.xcassets */,
				49E19B69250603E900960C09 /* Info.plist */,
				49E19B66250603E900960C09 /* Preview Content */,
			);
			path = SwiftUI_Widget;
			sourceTree = "<group>";
		};
		49E19B66250603E900960C09 /* Preview Content */ = {
			isa = PBXGroup;
			children = (
				49E19B67250603E900960C09 /* Preview Assets.xcassets */,
			);
			path = "Preview Content";
			sourceTree = "<group>";
		};
		49E19B74250604AF00960C09 /* Frameworks */ = {
			isa = PBXGroup;
			children = (
				49E19B75250604AF00960C09 /* WidgetKit.framework */,
				49E19B77250604AF00960C09 /* SwiftUI.framework */,
			);
			name = Frameworks;
			sourceTree = "<group>";
		};
		49E19B79250604AF00960C09 /* WidgetDemo */ = {
			isa = PBXGroup;
			children = (
				49E19B7A250604AF00960C09 /* WidgetDemo.swift */,
				49E19B7C250604B500960C09 /* Assets.xcassets */,
				49E19B7E250604B500960C09 /* Info.plist */,
			);
			path = WidgetDemo;
			sourceTree = "<group>";
		};
/* End PBXGroup section */

/* Begin PBXNativeTarget section */
		49E19B5C250603E800960C09 /* SwiftUI_Widget */ = {
			isa = PBXNativeTarget;
			buildConfigurationList = 49E19B6C250603E900960C09 /* Build configuration list for PBXNativeTarget "SwiftUI_Widget" */;
			buildPhases = (
				49E19B59250603E800960C09 /* Sources */,
				49E19B5A250603E800960C09 /* Frameworks */,
				49E19B5B250603E800960C09 /* Resources */,
				49E19B85250604B500960C09 /* Embed App Extensions */,
			);
			buildRules = (
			);
			dependencies = (
				49E19B80250604B500960C09 /* PBXTargetDependency */,
			);
			name = SwiftUI_Widget;
			productName = SwiftUI_Widget;
			productReference = 49E19B5D250603E800960C09 /* SwiftUI_Widget.app */;
			productType = "com.apple.product-type.application";
		};
		49E19B72250604AF00960C09 /* WidgetDemoExtension */ = {
			isa = PBXNativeTarget;
			buildConfigurationList = 49E19B82250604B500960C09 /* Build configuration list for PBXNativeTarget "WidgetDemoExtension" */;
			buildPhases = (
				49E19B6F250604AF00960C09 /* Sources */,
				49E19B70250604AF00960C09 /* Frameworks */,
				49E19B71250604AF00960C09 /* Resources */,
			);
			buildRules = (
			);
			dependencies = (
			);
			name = WidgetDemoExtension;
			productName = WidgetDemoExtension;
			productReference = 49E19B73250604AF00960C09 /* WidgetDemoExtension.appex */;
			productType = "com.apple.product-type.app-extension";
		};
/* End PBXNativeTarget section */

/* Begin PBXProject section */
		49E19B55250603E800960C09 /* Project object */ = {
			isa = PBXProject;
			attributes = {
				LastSwiftUpdateCheck = 1200;
				LastUpgradeCheck = 1200;
				TargetAttributes = {
					49E19B5C250603E800960C09 = {
						CreatedOnToolsVersion = 12.0;
					};
					49E19B72250604AF00960C09 = {
						CreatedOnToolsVersion = 12.0;
					};
				};
			};
			buildConfigurationList = 49E19B58250603E800960C09 /* Build configuration list for PBXProject "SwiftUI_Widget" */;
			compatibilityVersion = "Xcode 9.3";
			developmentRegion = en;
			hasScannedForEncodings = 0;
			knownRegions = (
				en,
				Base,
			);
			mainGroup = 49E19B54250603E800960C09;
			productRefGroup = 49E19B5E250603E800960C09 /* Products */;
			projectDirPath = "";
			projectRoot = "";
			targets = (
				49E19B5C250603E800960C09 /* SwiftUI_Widget */,
				49E19B72250604AF00960C09 /* WidgetDemoExtension */,
			);
		};
/* End PBXProject section */

/* Begin PBXResourcesBuildPhase section */
		49E19B5B250603E800960C09 /* Resources */ = {
			isa = PBXResourcesBuildPhase;
			buildActionMask = 2147483647;
			files = (
				49E19B68250603E900960C09 /* Preview Assets.xcassets in Resources */,
				49E19B65250603E900960C09 /* Assets.xcassets in Resources */,
			);
			runOnlyForDeploymentPostprocessing = 0;
		};
		49E19B71250604AF00960C09 /* Resources */ = {
			isa = PBXResourcesBuildPhase;
			buildActionMask = 2147483647;
			files = (
				49E19B7D250604B500960C09 /* Assets.xcassets in Resources */,
			);
			runOnlyForDeploymentPostprocessing = 0;
		};
/* End PBXResourcesBuildPhase section */

/* Begin PBXSourcesBuildPhase section */
		49E19B59250603E800960C09 /* Sources */ = {
			isa = PBXSourcesBuildPhase;
			buildActionMask = 2147483647;
			files = (
				49E19B63250603E800960C09 /* ContentView.swift in Sources */,
				49E19B61250603E800960C09 /* SwiftUI_WidgetApp.swift in Sources */,
			);
			runOnlyForDeploymentPostprocessing = 0;
		};
		49E19B6F250604AF00960C09 /* Sources */ = {
			isa = PBXSourcesBuildPhase;
			buildActionMask = 2147483647;
			files = (
				49E19B7B250604AF00960C09 /* WidgetDemo.swift in Sources */,
			);
			runOnlyForDeploymentPostprocessing = 0;
		};
/* End PBXSourcesBuildPhase section */

/* Begin PBXTargetDependency section */
		49E19B80250604B500960C09 /* PBXTargetDependency */ = {
			isa = PBXTargetDependency;
			target = 49E19B72250604AF00960C09 /* WidgetDemoExtension */;
			targetProxy = 49E19B7F250604B500960C09 /* PBXContainerItemProxy */;
		};
/* End PBXTargetDependency section */

/* Begin XCBuildConfiguration section */
		49E19B6A250603E900960C09 /* Debug */ = {
			isa = XCBuildConfiguration;
			buildSettings = {
				ALWAYS_SEARCH_USER_PATHS = NO;
				CLANG_ANALYZER_NONNULL = YES;
				CLANG_ANALYZER_NUMBER_OBJECT_CONVERSION = YES_AGGRESSIVE;
				CLANG_CXX_LANGUAGE_STANDARD = "gnu++14";
				CLANG_CXX_LIBRARY = "libc++";
				CLANG_ENABLE_MODULES = YES;
				CLANG_ENABLE_OBJC_ARC = YES;
				CLANG_ENABLE_OBJC_WEAK = YES;
				CLANG_WARN_BLOCK_CAPTURE_AUTORELEASING = YES;
				CLANG_WARN_BOOL_CONVERSION = YES;
				CLANG_WARN_COMMA = YES;
				CLANG_WARN_CONSTANT_CONVERSION = YES;
				CLANG_WARN_DEPRECATED_OBJC_IMPLEMENTATIONS = YES;
				CLANG_WARN_DIRECT_OBJC_ISA_USAGE = YES_ERROR;
				CLANG_WARN_DOCUMENTATION_COMMENTS = YES;
				CLANG_WARN_EMPTY_BODY = YES;
				CLANG_WARN_ENUM_CONVERSION = YES;
				CLANG_WARN_INFINITE_RECURSION = YES;
				CLANG_WARN_INT_CONVERSION = YES;
				CLANG_WARN_NON_LITERAL_NULL_CONVERSION = YES;
				CLANG_WARN_OBJC_IMPLICIT_RETAIN_SELF = YES;
				CLANG_WARN_OBJC_LITERAL_CONVERSION = YES;
				CLANG_WARN_OBJC_ROOT_CLASS = YES_ERROR;
				CLANG_WARN_QUOTED_INCLUDE_IN_FRAMEWORK_HEADER = YES;
				CLANG_WARN_RANGE_LOOP_ANALYSIS = YES;
				CLANG_WARN_STRICT_PROTOTYPES = YES;
				CLANG_WARN_SUSPICIOUS_MOVE = YES;
				CLANG_WARN_UNGUARDED_AVAILABILITY = YES_AGGRESSIVE;
				CLANG_WARN_UNREACHABLE_CODE = YES;
				CLANG_WARN__DUPLICATE_METHOD_MATCH = YES;
				COPY_PHASE_STRIP = NO;
				DEBUG_INFORMATION_FORMAT = dwarf;
				ENABLE_STRICT_OBJC_MSGSEND = YES;
				ENABLE_TESTABILITY = YES;
				GCC_C_LANGUAGE_STANDARD = gnu11;
				GCC_DYNAMIC_NO_PIC = NO;
				GCC_NO_COMMON_BLOCKS = YES;
				GCC_OPTIMIZATION_LEVEL = 0;
				GCC_PREPROCESSOR_DEFINITIONS = (
					"DEBUG=1",
					"$(inherited)",
				);
				GCC_WARN_64_TO_32_BIT_CONVERSION = YES;
				GCC_WARN_ABOUT_RETURN_TYPE = YES_ERROR;
				GCC_WARN_UNDECLARED_SELECTOR = YES;
				GCC_WARN_UNINITIALIZED_AUTOS = YES_AGGRESSIVE;
				GCC_WARN_UNUSED_FUNCTION = YES;
				GCC_WARN_UNUSED_VARIABLE = YES;
				IPHONEOS_DEPLOYMENT_TARGET = 14.0;
				MTL_ENABLE_DEBUG_INFO = INCLUDE_SOURCE;
				MTL_FAST_MATH = YES;
				ONLY_ACTIVE_ARCH = YES;
				SDKROOT = iphoneos;
				SWIFT_ACTIVE_COMPILATION_CONDITIONS = DEBUG;
				SWIFT_OPTIMIZATION_LEVEL = "-Onone";
			};
			name = Debug;
		};
		49E19B6B250603E900960C09 /* Release */ = {
			isa = XCBuildConfiguration;
			buildSettings = {
				ALWAYS_SEARCH_USER_PATHS = NO;
				CLANG_ANALYZER_NONNULL = YES;
				CLANG_ANALYZER_NUMBER_OBJECT_CONVERSION = YES_AGGRESSIVE;
				CLANG_CXX_LANGUAGE_STANDARD = "gnu++14";
				CLANG_CXX_LIBRARY = "libc++";
				CLANG_ENABLE_MODULES = YES;
				CLANG_ENABLE_OBJC_ARC = YES;
				CLANG_ENABLE_OBJC_WEAK = YES;
				CLANG_WARN_BLOCK_CAPTURE_AUTORELEASING = YES;
				CLANG_WARN_BOOL_CONVERSION = YES;
				CLANG_WARN_COMMA = YES;
				CLANG_WARN_CONSTANT_CONVERSION = YES;
				CLANG_WARN_DEPRECATED_OBJC_IMPLEMENTATIONS = YES;
				CLANG_WARN_DIRECT_OBJC_ISA_USAGE = YES_ERROR;
				CLANG_WARN_DOCUMENTATION_COMMENTS = YES;
				CLANG_WARN_EMPTY_BODY = YES;
				CLANG_WARN_ENUM_CONVERSION = YES;
				CLANG_WARN_INFINITE_RECURSION = YES;
				CLANG_WARN_INT_CONVERSION = YES;
				CLANG_WARN_NON_LITERAL_NULL_CONVERSION = YES;
				CLANG_WARN_OBJC_IMPLICIT_RETAIN_SELF = YES;
				CLANG_WARN_OBJC_LITERAL_CONVERSION = YES;
				CLANG_WARN_OBJC_ROOT_CLASS = YES_ERROR;
				CLANG_WARN_QUOTED_INCLUDE_IN_FRAMEWORK_HEADER = YES;
				CLANG_WARN_RANGE_LOOP_ANALYSIS = YES;
				CLANG_WARN_STRICT_PROTOTYPES = YES;
				CLANG_WARN_SUSPICIOUS_MOVE = YES;
				CLANG_WARN_UNGUARDED_AVAILABILITY = YES_AGGRESSIVE;
				CLANG_WARN_UNREACHABLE_CODE = YES;
				CLANG_WARN__DUPLICATE_METHOD_MATCH = YES;
				COPY_PHASE_STRIP = NO;
				DEBUG_INFORMATION_FORMAT = "dwarf-with-dsym";
				ENABLE_NS_ASSERTIONS = NO;
				ENABLE_STRICT_OBJC_MSGSEND = YES;
				GCC_C_LANGUAGE_STANDARD = gnu11;
				GCC_NO_COMMON_BLOCKS = YES;
				GCC_WARN_64_TO_32_BIT_CONVERSION = YES;
				GCC_WARN_ABOUT_RETURN_TYPE = YES_ERROR;
				GCC_WARN_UNDECLARED_SELECTOR = YES;
				GCC_WARN_UNINITIALIZED_AUTOS = YES_AGGRESSIVE;
				GCC_WARN_UNUSED_FUNCTION = YES;
				GCC_WARN_UNUSED_VARIABLE = YES;
				IPHONEOS_DEPLOYMENT_TARGET = 14.0;
				MTL_ENABLE_DEBUG_INFO = NO;
				MTL_FAST_MATH = YES;
				SDKROOT = iphoneos;
				SWIFT_COMPILATION_MODE = wholemodule;
				SWIFT_OPTIMIZATION_LEVEL = "-O";
				VALIDATE_PRODUCT = YES;
			};
			name = Release;
		};
		49E19B6D250603E900960C09 /* Debug */ = {
			isa = XCBuildConfiguration;
			buildSettings = {
				ALWAYS_EMBED_SWIFT_STANDARD_LIBRARIES = YES;
				ASSETCATALOG_COMPILER_APPICON_NAME = AppIcon;
				ASSETCATALOG_COMPILER_GLOBAL_ACCENT_COLOR_NAME = AccentColor;
				CODE_SIGN_STYLE = Automatic;
				DEVELOPMENT_ASSET_PATHS = "\"SwiftUI_Widget/Preview Content\"";
				DEVELOPMENT_TEAM = U27B56TU48;
				ENABLE_PREVIEWS = YES;
				INFOPLIST_FILE = SwiftUI_Widget/Info.plist;
				IPHONEOS_DEPLOYMENT_TARGET = 14.0;
				LD_RUNPATH_SEARCH_PATHS = (
					"$(inherited)",
					"@executable_path/Frameworks",
				);
				PRODUCT_BUNDLE_IDENTIFIER = "tw.icook.SwiftUI-Widget";
				PRODUCT_NAME = "$(TARGET_NAME)";
				SWIFT_VERSION = 5.0;
				TARGETED_DEVICE_FAMILY = "1,2";
			};
			name = Debug;
		};
		49E19B6E250603E900960C09 /* Release */ = {
			isa = XCBuildConfiguration;
			buildSettings = {
				ALWAYS_EMBED_SWIFT_STANDARD_LIBRARIES = YES;
				ASSETCATALOG_COMPILER_APPICON_NAME = AppIcon;
				ASSETCATALOG_COMPILER_GLOBAL_ACCENT_COLOR_NAME = AccentColor;
				CODE_SIGN_STYLE = Automatic;
				DEVELOPMENT_ASSET_PATHS = "\"SwiftUI_Widget/Preview Content\"";
				DEVELOPMENT_TEAM = U27B56TU48;
				ENABLE_PREVIEWS = YES;
				INFOPLIST_FILE = SwiftUI_Widget/Info.plist;
				IPHONEOS_DEPLOYMENT_TARGET = 14.0;
				LD_RUNPATH_SEARCH_PATHS = (
					"$(inherited)",
					"@executable_path/Frameworks",
				);
				PRODUCT_BUNDLE_IDENTIFIER = "tw.icook.SwiftUI-Widget";
				PRODUCT_NAME = "$(TARGET_NAME)";
				SWIFT_VERSION = 5.0;
				TARGETED_DEVICE_FAMILY = "1,2";
			};
			name = Release;
		};
		49E19B83250604B500960C09 /* Debug */ = {
			isa = XCBuildConfiguration;
			buildSettings = {
				ASSETCATALOG_COMPILER_GLOBAL_ACCENT_COLOR_NAME = AccentColor;
				ASSETCATALOG_COMPILER_WIDGET_BACKGROUND_COLOR_NAME = WidgetBackground;
				CODE_SIGN_STYLE = Automatic;
				DEVELOPMENT_TEAM = U27B56TU48;
				INFOPLIST_FILE = WidgetDemo/Info.plist;
				LD_RUNPATH_SEARCH_PATHS = (
					"$(inherited)",
					"@executable_path/Frameworks",
					"@executable_path/../../Frameworks",
				);
				PRODUCT_BUNDLE_IDENTIFIER = "tw.icook.SwiftUI-Widget.WidgetDemo";
				PRODUCT_NAME = "$(TARGET_NAME)";
				SKIP_INSTALL = YES;
				SWIFT_VERSION = 5.0;
				TARGETED_DEVICE_FAMILY = "1,2";
			};
			name = Debug;
		};
		49E19B84250604B500960C09 /* Release */ = {
			isa = XCBuildConfiguration;
			buildSettings = {
				ASSETCATALOG_COMPILER_GLOBAL_ACCENT_COLOR_NAME = AccentColor;
				ASSETCATALOG_COMPILER_WIDGET_BACKGROUND_COLOR_NAME = WidgetBackground;
				CODE_SIGN_STYLE = Automatic;
				DEVELOPMENT_TEAM = U27B56TU48;
				INFOPLIST_FILE = WidgetDemo/Info.plist;
				LD_RUNPATH_SEARCH_PATHS = (
					"$(inherited)",
					"@executable_path/Frameworks",
					"@executable_path/../../Frameworks",
				);
				PRODUCT_BUNDLE_IDENTIFIER = "tw.icook.SwiftUI-Widget.WidgetDemo";
				PRODUCT_NAME = "$(TARGET_NAME)";
				SKIP_INSTALL = YES;
				SWIFT_VERSION = 5.0;
				TARGETED_DEVICE_FAMILY = "1,2";
			};
			name = Release;
		};
/* End XCBuildConfiguration section */

/* Begin XCConfigurationList section */
		49E19B58250603E800960C09 /* Build configuration list for PBXProject "SwiftUI_Widget" */ = {
			isa = XCConfigurationList;
			buildConfigurations = (
				49E19B6A250603E900960C09 /* Debug */,
				49E19B6B250603E900960C09 /* Release */,
			);
			defaultConfigurationIsVisible = 0;
			defaultConfigurationName = Release;
		};
		49E19B6C250603E900960C09 /* Build configuration list for PBXNativeTarget "SwiftUI_Widget" */ = {
			isa = XCConfigurationList;
			buildConfigurations = (
				49E19B6D250603E900960C09 /* Debug */,
				49E19B6E250603E900960C09 /* Release */,
			);
			defaultConfigurationIsVisible = 0;
			defaultConfigurationName = Release;
		};
		49E19B82250604B500960C09 /* Build configuration list for PBXNativeTarget "WidgetDemoExtension" */ = {
			isa = XCConfigurationList;
			buildConfigurations = (
				49E19B83250604B500960C09 /* Debug */,
				49E19B84250604B500960C09 /* Release */,
			);
			defaultConfigurationIsVisible = 0;
			defaultConfigurationName = Release;
		};
/* End XCConfigurationList section */
	};
	rootObject = 49E19B55250603E800960C09 /* Project object */;
}
